
Microsoft Visual Studio Solution File, Format Version 12.00
# Visual Studio 2012
Project("{FAE04EC0-301F-11D3-BF4B-00C04F79EFBC}") = "AiLibrary", "AiLibrary\AiLibrary.csproj", "{DD058078-C2D5-46B7-AF6D-47C67A2E24D7}"
EndProject
Project("{FAE04EC0-301F-11D3-BF4B-00C04F79EFBC}") = "AiTests", "AiTests\AiTests.csproj", "{503FDC18-E62F-4AED-AE5C-B592D89BA77D}"
EndProject
Project("{FAE04EC0-301F-11D3-BF4B-00C04F79EFBC}") = "Assault.TheGame", "Assault.TheGame\Assault.TheGame.csproj", "{0956733D-4261-45AF-BC0A-C43648EA91C9}"
EndProject
Project("{FAE04EC0-301F-11D3-BF4B-00C04F79EFBC}") = "Assault.TheGame.WP", "Assault.TheGame.WP\Assault.TheGame.WP\Assault.TheGame.WP.csproj", "{2608C01B-DCD3-4286-AF9A-55B0747C2288}"
EndProject
Project("{96E2B04D-8817-42C6-938A-82C39BA4D311}") = "Assault.TheGame.WPContent", "Assault.TheGame.WP\Assault.TheGame.WPContent\Assault.TheGame.WPContent.contentproj", "{C43F775C-395B-4FE7-BF6C-37F12FEF613C}"
EndProject
Global
	GlobalSection(SolutionConfigurationPlatforms) = preSolution
		Debug|Any CPU = Debug|Any CPU
		Debug|ARM = Debug|ARM
		Debug|Mixed Platforms = Debug|Mixed Platforms
		Debug|Windows Phone = Debug|Windows Phone
		Debug|x64 = Debug|x64
		Debug|x86 = Debug|x86
		Release|Any CPU = Release|Any CPU
		Release|ARM = Release|ARM
		Release|Mixed Platforms = Release|Mixed Platforms
		Release|Windows Phone = Release|Windows Phone
		Release|x64 = Release|x64
		Release|x86 = Release|x86
	EndGlobalSection
	GlobalSection(ProjectConfigurationPlatforms) = postSolution
		{DD058078-C2D5-46B7-AF6D-47C67A2E24D7}.Debug|Any CPU.ActiveCfg = Debug|Any CPU
		{DD058078-C2D5-46B7-AF6D-47C67A2E24D7}.Debug|Any CPU.Build.0 = Debug|Any CPU
		{DD058078-C2D5-46B7-AF6D-47C67A2E24D7}.Debug|ARM.ActiveCfg = Debug|Any CPU
		{DD058078-C2D5-46B7-AF6D-47C67A2E24D7}.Debug|Mixed Platforms.ActiveCfg = Debug|Any CPU
		{DD058078-C2D5-46B7-AF6D-47C67A2E24D7}.Debug|Mixed Platforms.Build.0 = Debug|Any CPU
		{DD058078-C2D5-46B7-AF6D-47C67A2E24D7}.Debug|Windows Phone.ActiveCfg = Debug|Any CPU
		{DD058078-C2D5-46B7-AF6D-47C67A2E24D7}.Debug|x64.ActiveCfg = Debug|Any CPU
		{DD058078-C2D5-46B7-AF6D-47C67A2E24D7}.Debug|x86.ActiveCfg = Debug|Any CPU
		{DD058078-C2D5-46B7-AF6D-47C67A2E24D7}.Release|Any CPU.ActiveCfg = Release|Any CPU
		{DD058078-C2D5-46B7-AF6D-47C67A2E24D7}.Release|Any CPU.Build.0 = Release|Any CPU
		{DD058078-C2D5-46B7-AF6D-47C67A2E24D7}.Release|ARM.ActiveCfg = Release|Any CPU
		{DD058078-C2D5-46B7-AF6D-47C67A2E24D7}.Release|Mixed Platforms.ActiveCfg = Release|Any CPU
		{DD058078-C2D5-46B7-AF6D-47C67A2E24D7}.Release|Mixed Platforms.Build.0 = Release|Any CPU
		{DD058078-C2D5-46B7-AF6D-47C67A2E24D7}.Release|Windows Phone.ActiveCfg = Release|Any CPU
		{DD058078-C2D5-46B7-AF6D-47C67A2E24D7}.Release|x64.ActiveCfg = Release|Any CPU
		{DD058078-C2D5-46B7-AF6D-47C67A2E24D7}.Release|x86.ActiveCfg = Release|Any CPU
		{503FDC18-E62F-4AED-AE5C-B592D89BA77D}.Debug|Any CPU.ActiveCfg = Debug|Any CPU
		{503FDC18-E62F-4AED-AE5C-B592D89BA77D}.Debug|Any CPU.Build.0 = Debug|Any CPU
		{503FDC18-E62F-4AED-AE5C-B592D89BA77D}.Debug|ARM.ActiveCfg = Debug|Any CPU
		{503FDC18-E62F-4AED-AE5C-B592D89BA77D}.Debug|Mixed Platforms.ActiveCfg = Debug|Any CPU
		{503FDC18-E62F-4AED-AE5C-B592D89BA77D}.Debug|Mixed Platforms.Build.0 = Debug|Any CPU
		{503FDC18-E62F-4AED-AE5C-B592D89BA77D}.Debug|Windows Phone.ActiveCfg = Debug|Any CPU
		{503FDC18-E62F-4AED-AE5C-B592D89BA77D}.Debug|x64.ActiveCfg = Debug|Any CPU
		{503FDC18-E62F-4AED-AE5C-B592D89BA77D}.Debug|x86.ActiveCfg = Debug|Any CPU
		{503FDC18-E62F-4AED-AE5C-B592D89BA77D}.Release|Any CPU.ActiveCfg = Release|Any CPU
		{503FDC18-E62F-4AED-AE5C-B592D89BA77D}.Release|Any CPU.Build.0 = Release|Any CPU
		{503FDC18-E62F-4AED-AE5C-B592D89BA77D}.Release|ARM.ActiveCfg = Release|Any CPU
		{503FDC18-E62F-4AED-AE5C-B592D89BA77D}.Release|Mixed Platforms.ActiveCfg = Release|Any CPU
		{503FDC18-E62F-4AED-AE5C-B592D89BA77D}.Release|Mixed Platforms.Build.0 = Release|Any CPU
		{503FDC18-E62F-4AED-AE5C-B592D89BA77D}.Release|Windows Phone.ActiveCfg = Release|Any CPU
		{503FDC18-E62F-4AED-AE5C-B592D89BA77D}.Release|x64.ActiveCfg = Release|Any CPU
		{503FDC18-E62F-4AED-AE5C-B592D89BA77D}.Release|x86.ActiveCfg = Release|Any CPU
		{0956733D-4261-45AF-BC0A-C43648EA91C9}.Debug|Any CPU.ActiveCfg = Debug|Any CPU
		{0956733D-4261-45AF-BC0A-C43648EA91C9}.Debug|Any CPU.Build.0 = Debug|Any CPU
		{0956733D-4261-45AF-BC0A-C43648EA91C9}.Debug|Any CPU.Deploy.0 = Debug|Any CPU
		{0956733D-4261-45AF-BC0A-C43648EA91C9}.Debug|ARM.ActiveCfg = Debug|ARM
		{0956733D-4261-45AF-BC0A-C43648EA91C9}.Debug|ARM.Build.0 = Debug|ARM
		{0956733D-4261-45AF-BC0A-C43648EA91C9}.Debug|ARM.Deploy.0 = Debug|ARM
		{0956733D-4261-45AF-BC0A-C43648EA91C9}.Debug|Mixed Platforms.ActiveCfg = Debug|x86
		{0956733D-4261-45AF-BC0A-C43648EA91C9}.Debug|Mixed Platforms.Build.0 = Debug|x86
		{0956733D-4261-45AF-BC0A-C43648EA91C9}.Debug|Mixed Platforms.Deploy.0 = Debug|x86
		{0956733D-4261-45AF-BC0A-C43648EA91C9}.Debug|Windows Phone.ActiveCfg = Debug|Any CPU
		{0956733D-4261-45AF-BC0A-C43648EA91C9}.Debug|x64.ActiveCfg = Debug|x64
		{0956733D-4261-45AF-BC0A-C43648EA91C9}.Debug|x64.Build.0 = Debug|x64
		{0956733D-4261-45AF-BC0A-C43648EA91C9}.Debug|x64.Deploy.0 = Debug|x64
		{0956733D-4261-45AF-BC0A-C43648EA91C9}.Debug|x86.ActiveCfg = Debug|x86
		{0956733D-4261-45AF-BC0A-C43648EA91C9}.Debug|x86.Build.0 = Debug|x86
		{0956733D-4261-45AF-BC0A-C43648EA91C9}.Debug|x86.Deploy.0 = Debug|x86
		{0956733D-4261-45AF-BC0A-C43648EA91C9}.Release|Any CPU.ActiveCfg = Release|Any CPU
		{0956733D-4261-45AF-BC0A-C43648EA91C9}.Release|Any CPU.Build.0 = Release|Any CPU
		{0956733D-4261-45AF-BC0A-C43648EA91C9}.Release|Any CPU.Deploy.0 = Release|Any CPU
		{0956733D-4261-45AF-BC0A-C43648EA91C9}.Release|ARM.ActiveCfg = Release|ARM
		{0956733D-4261-45AF-BC0A-C43648EA91C9}.Release|ARM.Build.0 = Release|ARM
		{0956733D-4261-45AF-BC0A-C43648EA91C9}.Release|ARM.Deploy.0 = Release|ARM
		{0956733D-4261-45AF-BC0A-C43648EA91C9}.Release|Mixed Platforms.ActiveCfg = Release|x86
		{0956733D-4261-45AF-BC0A-C43648EA91C9}.Release|Mixed Platforms.Build.0 = Release|x86
		{0956733D-4261-45AF-BC0A-C43648EA91C9}.Release|Mixed Platforms.Deploy.0 = Release|x86
		{0956733D-4261-45AF-BC0A-C43648EA91C9}.Release|Windows Phone.ActiveCfg = Release|Any CPU
		{0956733D-4261-45AF-BC0A-C43648EA91C9}.Release|x64.ActiveCfg = Release|x64
		{0956733D-4261-45AF-BC0A-C43648EA91C9}.Release|x64.Build.0 = Release|x64
		{0956733D-4261-45AF-BC0A-C43648EA91C9}.Release|x64.Deploy.0 = Release|x64
		{0956733D-4261-45AF-BC0A-C43648EA91C9}.Release|x86.ActiveCfg = Release|x86
		{0956733D-4261-45AF-BC0A-C43648EA91C9}.Release|x86.Build.0 = Release|x86
		{0956733D-4261-45AF-BC0A-C43648EA91C9}.Release|x86.Deploy.0 = Release|x86
		{2608C01B-DCD3-4286-AF9A-55B0747C2288}.Debug|Any CPU.ActiveCfg = Debug|Windows Phone
		{2608C01B-DCD3-4286-AF9A-55B0747C2288}.Debug|ARM.ActiveCfg = Debug|Windows Phone
		{2608C01B-DCD3-4286-AF9A-55B0747C2288}.Debug|Mixed Platforms.ActiveCfg = Debug|Windows Phone
		{2608C01B-DCD3-4286-AF9A-55B0747C2288}.Debug|Mixed Platforms.Build.0 = Debug|Windows Phone
		{2608C01B-DCD3-4286-AF9A-55B0747C2288}.Debug|Mixed Platforms.Deploy.0 = Debug|Windows Phone
		{2608C01B-DCD3-4286-AF9A-55B0747C2288}.Debug|Windows Phone.ActiveCfg = Debug|Windows Phone
		{2608C01B-DCD3-4286-AF9A-55B0747C2288}.Debug|Windows Phone.Build.0 = Debug|Windows Phone
		{2608C01B-DCD3-4286-AF9A-55B0747C2288}.Debug|Windows Phone.Deploy.0 = Debug|Windows Phone
		{2608C01B-DCD3-4286-AF9A-55B0747C2288}.Debug|x64.ActiveCfg = Debug|Windows Phone
		{2608C01B-DCD3-4286-AF9A-55B0747C2288}.Debug|x86.ActiveCfg = Debug|Windows Phone
		{2608C01B-DCD3-4286-AF9A-55B0747C2288}.Release|Any CPU.ActiveCfg = Release|Windows Phone
		{2608C01B-DCD3-4286-AF9A-55B0747C2288}.Release|ARM.ActiveCfg = Release|Windows Phone
		{2608C01B-DCD3-4286-AF9A-55B0747C2288}.Release|Mixed Platforms.ActiveCfg = Release|Windows Phone
		{2608C01B-DCD3-4286-AF9A-55B0747C2288}.Release|Mixed Platforms.Build.0 = Release|Windows Phone
		{2608C01B-DCD3-4286-AF9A-55B0747C2288}.Release|Mixed Platforms.Deploy.0 = Release|Windows Phone
		{2608C01B-DCD3-4286-AF9A-55B0747C2288}.Release|Windows Phone.ActiveCfg = Release|Windows Phone
		{2608C01B-DCD3-4286-AF9A-55B0747C2288}.Release|Windows Phone.Build.0 = Release|Windows Phone
		{2608C01B-DCD3-4286-AF9A-55B0747C2288}.Release|Windows Phone.Deploy.0 = Release|Windows Phone
		{2608C01B-DCD3-4286-AF9A-55B0747C2288}.Release|x64.ActiveCfg = Release|Windows Phone
		{2608C01B-DCD3-4286-AF9A-55B0747C2288}.Release|x86.ActiveCfg = Release|Windows Phone
		{C43F775C-395B-4FE7-BF6C-37F12FEF613C}.Debug|Any CPU.ActiveCfg = Debug|Windows Phone
		{C43F775C-395B-4FE7-BF6C-37F12FEF613C}.Debug|ARM.ActiveCfg = Debug|Windows Phone
		{C43F775C-395B-4FE7-BF6C-37F12FEF613C}.Debug|Mixed Platforms.ActiveCfg = Debug|Windows Phone
		{C43F775C-395B-4FE7-BF6C-37F12FEF613C}.Debug|Windows Phone.ActiveCfg = Debug|Windows Phone
		{C43F775C-395B-4FE7-BF6C-37F12FEF613C}.Debug|x64.ActiveCfg = Debug|Windows Phone
		{C43F775C-395B-4FE7-BF6C-37F12FEF613C}.Debug|x86.ActiveCfg = Debug|Windows Phone
		{C43F775C-395B-4FE7-BF6C-37F12FEF613C}.Release|Any CPU.ActiveCfg = Release|Windows Phone
		{C43F775C-395B-4FE7-BF6C-37F12FEF613C}.Release|ARM.ActiveCfg = Release|Windows Phone
		{C43F775C-395B-4FE7-BF6C-37F12FEF613C}.Release|Mixed Platforms.ActiveCfg = Release|Windows Phone
		{C43F775C-395B-4FE7-BF6C-37F12FEF613C}.Release|Windows Phone.ActiveCfg = Release|Windows Phone
		{C43F775C-395B-4FE7-BF6C-37F12FEF613C}.Release|x64.ActiveCfg = Release|Windows Phone
		{C43F775C-395B-4FE7-BF6C-37F12FEF613C}.Release|x86.ActiveCfg = Release|Windows Phone
	EndGlobalSection
	GlobalSection(SolutionProperties) = preSolution
		HideSolutionNode = FALSE
	EndGlobalSection
EndGlobal
