
Microsoft Visual Studio Solution File, Format Version 12.00
# Visual Studio 2012
Project("{FAE04EC0-301F-11D3-BF4B-00C04F79EFBC}") = "AiLibrary", "AiLibrary\AiLibrary.csproj", "{DD058078-C2D5-46B7-AF6D-47C67A2E24D7}"
EndProject
Project("{FAE04EC0-301F-11D3-BF4B-00C04F79EFBC}") = "AiTests", "AiTests\AiTests.csproj", "{503FDC18-E62F-4AED-AE5C-B592D89BA77D}"
EndProject
Global
	GlobalSection(SolutionConfigurationPlatforms) = preSolution
		Debug|Any CPU = Debug|Any CPU
		Release|Any CPU = Release|Any CPU
	EndGlobalSection
	GlobalSection(ProjectConfigurationPlatforms) = postSolution
		{DD058078-C2D5-46B7-AF6D-47C67A2E24D7}.Debug|Any CPU.ActiveCfg = Debug|Any CPU
		{DD058078-C2D5-46B7-AF6D-47C67A2E24D7}.Debug|Any CPU.Build.0 = Debug|Any CPU
		{DD058078-C2D5-46B7-AF6D-47C67A2E24D7}.Release|Any CPU.ActiveCfg = Release|Any CPU
		{DD058078-C2D5-46B7-AF6D-47C67A2E24D7}.Release|Any CPU.Build.0 = Release|Any CPU
		{503FDC18-E62F-4AED-AE5C-B592D89BA77D}.Debug|Any CPU.ActiveCfg = Debug|Any CPU
		{503FDC18-E62F-4AED-AE5C-B592D89BA77D}.Debug|Any CPU.Build.0 = Debug|Any CPU
		{503FDC18-E62F-4AED-AE5C-B592D89BA77D}.Release|Any CPU.ActiveCfg = Release|Any CPU
		{503FDC18-E62F-4AED-AE5C-B592D89BA77D}.Release|Any CPU.Build.0 = Release|Any CPU
	EndGlobalSection
	GlobalSection(SolutionProperties) = preSolution
		HideSolutionNode = FALSE
	EndGlobalSection
EndGlobal
